
Microsoft Visual Studio Solution File, Format Version 12.00
# Visual Studio Version 16
VisualStudioVersion = 16.0.31729.503
MinimumVisualStudioVersion = 10.0.40219.1
Project("{FAE04EC0-301F-11D3-BF4B-00C04F79EFBC}") = "2_TxtRandomWrite", "2_TxtRandomWrite\2_TxtRandomWrite.csproj", "{AB55D76D-8ACF-42DF-A460-59D75B5486C7}"
EndProject
Project("{FAE04EC0-301F-11D3-BF4B-00C04F79EFBC}") = "3_FileStatistic", "3_FileStatistic\3_FileStatistic.csproj", "{3EE14BC4-4883-4C59-8FC0-FF96212283AB}"
EndProject
Global
	GlobalSection(SolutionConfigurationPlatforms) = preSolution
		Debug|Any CPU = Debug|Any CPU
		Release|Any CPU = Release|Any CPU
	EndGlobalSection
	GlobalSection(ProjectConfigurationPlatforms) = postSolution
		{AB55D76D-8ACF-42DF-A460-59D75B5486C7}.Debug|Any CPU.ActiveCfg = Debug|Any CPU
		{AB55D76D-8ACF-42DF-A460-59D75B5486C7}.Debug|Any CPU.Build.0 = Debug|Any CPU
		{AB55D76D-8ACF-42DF-A460-59D75B5486C7}.Release|Any CPU.ActiveCfg = Release|Any CPU
		{AB55D76D-8ACF-42DF-A460-59D75B5486C7}.Release|Any CPU.Build.0 = Release|Any CPU
		{3EE14BC4-4883-4C59-8FC0-FF96212283AB}.Debug|Any CPU.ActiveCfg = Debug|Any CPU
		{3EE14BC4-4883-4C59-8FC0-FF96212283AB}.Debug|Any CPU.Build.0 = Debug|Any CPU
		{3EE14BC4-4883-4C59-8FC0-FF96212283AB}.Release|Any CPU.ActiveCfg = Release|Any CPU
		{3EE14BC4-4883-4C59-8FC0-FF96212283AB}.Release|Any CPU.Build.0 = Release|Any CPU
	EndGlobalSection
	GlobalSection(SolutionProperties) = preSolution
		HideSolutionNode = FALSE
	EndGlobalSection
	GlobalSection(ExtensibilityGlobals) = postSolution
		SolutionGuid = {46BBFD94-2A44-40A0-91EF-3F4C1E3173DA}
	EndGlobalSection
EndGlobal
